<?xml version="1.0" encoding="UTF-8" standalone="yes" ?>
<CodeBlocks_project_file>
	<FileVersion major="1" minor="6" />
	<Project>
		<Option title="project" />
		<Option pch_mode="2" />
		<Option compiler="gcc" />
		<Build>
			<Target title="Debug">
				<Option output="bin/Debug/project" prefix_auto="1" extension_auto="1" />
				<Option object_output="obj/Debug/" />
				<Option type="1" />
				<Option compiler="gcc" />
				<Compiler>
					<Add option="-g" />
				</Compiler>
				<Linker>
					<Add library="/usr/lib/x86_64-linux-gnu/libSDL2_image.so" />
				</Linker>
			</Target>
			<Target title="Release">
				<Option output="bin/Release/project" prefix_auto="1" extension_auto="1" />
				<Option object_output="obj/Release/" />
				<Option type="0" />
				<Option compiler="gcc" />
				<Compiler>
					<Add option="-O2" />
				</Compiler>
				<Linker>
					<Add option="-s" />
				</Linker>
			</Target>
		</Build>
		<Compiler>
			<Add option="`sdl2-config --cflags`" />
			<Add option="-Wall" />
		</Compiler>
		<Linker>
			<Add option="`sdl2-config --libs`" />
		</Linker>
		<Unit filename="src/character.c">
			<Option compilerVar="CC" />
		</Unit>
		<Unit filename="src/character.h" />
		<Unit filename="src/characters/main_character.c">
			<Option compilerVar="CC" />
		</Unit>
		<Unit filename="src/characters/main_character.h" />
		<Unit filename="src/characters/wall.c">
			<Option compilerVar="CC" />
		</Unit>
		<Unit filename="src/characters/wall.h" />
		<Unit filename="src/config.h" />
		<Unit filename="src/game.c">
			<Option compilerVar="CC" />
		</Unit>
		<Unit filename="src/game.h" />
		<Unit filename="src/game_menu.c">
			<Option compilerVar="CC" />
		</Unit>
		<Unit filename="src/game_menu.h" />
		<Unit filename="src/game_paused.c">
			<Option compilerVar="CC" />
		</Unit>
		<Unit filename="src/game_paused.h" />
		<Unit filename="src/game_started.c">
			<Option compilerVar="CC" />
		</Unit>
		<Unit filename="src/game_started.h" />
		<Unit filename="src/json.c">
			<Option compilerVar="CC" />
		</Unit>
		<Unit filename="src/json.h" />
		<Unit filename="src/lib/jsmn/jsmn.c">
			<Option compilerVar="CC" />
		</Unit>
		<Unit filename="src/lib/jsmn/jsmn.h" />
		<Unit filename="src/logging.c">
			<Option compilerVar="CC" />
		</Unit>
		<Unit filename="src/logging.h" />
		<Unit filename="src/main.c">
			<Option compilerVar="CC" />
		</Unit>
		<Unit filename="src/ui.c">
			<Option compilerVar="CC" />
		</Unit>
		<Unit filename="src/ui.h" />
		<Unit filename="src/utils.c">
			<Option compilerVar="CC" />
		</Unit>
		<Unit filename="src/utils.h" />
		<Extensions>
			<code_completion />
			<debugger />
		</Extensions>
	</Project>
</CodeBlocks_project_file>
